
Microsoft Visual Studio Solution File, Format Version 12.00
# Visual Studio Version 17
VisualStudioVersion = 17.9.34714.143
MinimumVisualStudioVersion = 10.0.40219.1
Project("{FAE04EC0-301F-11D3-BF4B-00C04F79EFBC}") = "CSWebscraperApp", "CSWebscraperApp.csproj", "{A3982857-8BD8-47BB-92CA-115C7D18E7BF}"
EndProject
Global
	GlobalSection(SolutionConfigurationPlatforms) = preSolution
		Debug|Any CPU = Debug|Any CPU
		Release|Any CPU = Release|Any CPU
	EndGlobalSection
	GlobalSection(ProjectConfigurationPlatforms) = postSolution
		{A3982857-8BD8-47BB-92CA-115C7D18E7BF}.Debug|Any CPU.ActiveCfg = Debug|Any CPU
		{A3982857-8BD8-47BB-92CA-115C7D18E7BF}.Debug|Any CPU.Build.0 = Debug|Any CPU
		{A3982857-8BD8-47BB-92CA-115C7D18E7BF}.Release|Any CPU.ActiveCfg = Release|Any CPU
		{A3982857-8BD8-47BB-92CA-115C7D18E7BF}.Release|Any CPU.Build.0 = Release|Any CPU
	EndGlobalSection
	GlobalSection(SolutionProperties) = preSolution
		HideSolutionNode = FALSE
	EndGlobalSection
	GlobalSection(ExtensibilityGlobals) = postSolution
		SolutionGuid = {FDCB5B49-F279-43F9-A703-CE2918C5F4EA}
	EndGlobalSection
EndGlobal
